
Microsoft Visual Studio Solution File, Format Version 12.00
# Visual Studio Version 17
VisualStudioVersion = 17.7.34031.279
MinimumVisualStudioVersion = 10.0.40219.1
Project("{9A19103F-16F7-4668-BE54-9A1E7A4F7556}") = "DigitalPotfolio", "Potfolio\DigitalPotfolio.csproj", "{0D70FF43-0123-47E6-8B78-8E5910E20D25}"
EndProject
Global
	GlobalSection(SolutionConfigurationPlatforms) = preSolution
		Debug|Any CPU = Debug|Any CPU
		Release|Any CPU = Release|Any CPU
	EndGlobalSection
	GlobalSection(ProjectConfigurationPlatforms) = postSolution
		{0D70FF43-0123-47E6-8B78-8E5910E20D25}.Debug|Any CPU.ActiveCfg = Debug|Any CPU
		{0D70FF43-0123-47E6-8B78-8E5910E20D25}.Debug|Any CPU.Build.0 = Debug|Any CPU
		{0D70FF43-0123-47E6-8B78-8E5910E20D25}.Release|Any CPU.ActiveCfg = Release|Any CPU
		{0D70FF43-0123-47E6-8B78-8E5910E20D25}.Release|Any CPU.Build.0 = Release|Any CPU
	EndGlobalSection
	GlobalSection(SolutionProperties) = preSolution
		HideSolutionNode = FALSE
	EndGlobalSection
	GlobalSection(ExtensibilityGlobals) = postSolution
		SolutionGuid = {447C6437-3AC7-44D8-AD7A-815ACBC54C1E}
	EndGlobalSection
EndGlobal
